
Microsoft Visual Studio Solution File, Format Version 12.00
# Visual Studio 2013
VisualStudioVersion = 12.0.31101.0
MinimumVisualStudioVersion = 10.0.40219.1
Project("{FAE04EC0-301F-11D3-BF4B-00C04F79EFBC}") = "GPLUSPLUS", "GPLUSPLUS\GPLUSPLUS.csproj", "{BD6E09B8-C71F-4499-9E24-E93AAC6E6FA3}"
EndProject
Project("{FAE04EC0-301F-11D3-BF4B-00C04F79EFBC}") = "SMSTools", "SMSTools\SMSTools.csproj", "{9F0FDB31-6ED8-45FB-BBA8-886B61128631}"
EndProject
Global
	GlobalSection(TeamFoundationVersionControl) = preSolution
		SccNumberOfProjects = 3
		SccEnterpriseProvider = {4CA58AB2-18FA-4F8D-95D4-32DDF27D184C}
		SccTeamFoundationServer = https://gpluspack.visualstudio.com/defaultcollection
		SccLocalPath0 = .
		SccProjectUniqueName1 = GPLUSPLUS\\GPLUSPLUS.csproj
		SccProjectName1 = GPLUSPLUS
		SccLocalPath1 = GPLUSPLUS
		SccProjectUniqueName2 = SMSTools\\SMSTools.csproj
		SccProjectName2 = SMSTools
		SccLocalPath2 = SMSTools
	EndGlobalSection
	GlobalSection(SolutionConfigurationPlatforms) = preSolution
		Debug|Any CPU = Debug|Any CPU
		Release|Any CPU = Release|Any CPU
	EndGlobalSection
	GlobalSection(ProjectConfigurationPlatforms) = postSolution
		{BD6E09B8-C71F-4499-9E24-E93AAC6E6FA3}.Debug|Any CPU.ActiveCfg = Debug|Any CPU
		{BD6E09B8-C71F-4499-9E24-E93AAC6E6FA3}.Debug|Any CPU.Build.0 = Debug|Any CPU
		{BD6E09B8-C71F-4499-9E24-E93AAC6E6FA3}.Release|Any CPU.ActiveCfg = Release|Any CPU
		{BD6E09B8-C71F-4499-9E24-E93AAC6E6FA3}.Release|Any CPU.Build.0 = Release|Any CPU
		{9F0FDB31-6ED8-45FB-BBA8-886B61128631}.Debug|Any CPU.ActiveCfg = Debug|Any CPU
		{9F0FDB31-6ED8-45FB-BBA8-886B61128631}.Debug|Any CPU.Build.0 = Debug|Any CPU
		{9F0FDB31-6ED8-45FB-BBA8-886B61128631}.Release|Any CPU.ActiveCfg = Release|Any CPU
		{9F0FDB31-6ED8-45FB-BBA8-886B61128631}.Release|Any CPU.Build.0 = Release|Any CPU
	EndGlobalSection
	GlobalSection(SolutionProperties) = preSolution
		HideSolutionNode = FALSE
	EndGlobalSection
EndGlobal
